{
  "name": "lilbee",
  "version": "0.6.101",
  "lockfileVersion": 3,
  "requires": true,
  "packages": {
    "": {
      "name": "lilbee",
      "version": "0.6.101",
      "license": "MIT",
      "bin": {
        "lilbee": "bin/lilbee.mjs",
        "lilbee-mcp": "bin/lilbee-mcp.mjs"
      },
      "engines": {
        "node": ">=18"
      },
      "optionalDependencies": {
        "undici": "^6.28.1"
      }
    },
    "node_modules/undici": {
      "version": "6.29.0",
      "resolved": "https://registry.npmjs.org/undici/-/undici-6.29.0.tgz",
      "integrity": "sha512-R+RODBqp6i2pPflGdq+xIOUkl+RNfGgHwoinecKu/JCuf2uO06cOKoDbI2P7Dn6KcswdKwrczbU6IYJ6K8X+wg==",
      "optional": true,
      "engines": {
        "node": ">=18.17"
      }
    }
  }
}
