{
  "name": "lilbee",
  "version": "0.6.90",
  "lockfileVersion": 3,
  "requires": true,
  "packages": {
    "": {
      "name": "lilbee",
      "version": "0.6.90",
      "license": "MIT",
      "bin": {
        "lilbee": "bin/lilbee.mjs",
        "lilbee-mcp": "bin/lilbee-mcp.mjs"
      },
      "engines": {
        "node": ">=18"
      },
      "optionalDependencies": {
        "undici": "^6.19.0"
      }
    },
    "node_modules/undici": {
      "version": "6.28.0",
      "resolved": "https://registry.npmjs.org/undici/-/undici-6.28.0.tgz",
      "integrity": "sha512-LIY910g9TI13YS95lrMFrs8Rm/u/irgHeTWoKCoteeJ04CUJ92eEfj0rVn+7VKMPBpUPiUoBKfhNyLI23EE/KA==",
      "optional": true,
      "engines": {
        "node": ">=18.17"
      }
    }
  }
}
